
Microsoft Visual Studio Solution File, Format Version 11.00
# Visual Studio 2010
Project("{FAE04EC0-301F-11D3-BF4B-00C04F79EFBC}") = "Survive_Game1", "Assembly-CSharp.csproj", "{C4F1DC6A-9D76-0BDA-CED6-93F5EEF3058A}"
EndProject
Global
	GlobalSection(SolutionConfigurationPlatforms) = preSolution
		Debug|Any CPU = Debug|Any CPU
		Release|Any CPU = Release|Any CPU
	EndGlobalSection
	GlobalSection(ProjectConfigurationPlatforms) = postSolution
		{C4F1DC6A-9D76-0BDA-CED6-93F5EEF3058A}.Debug|Any CPU.ActiveCfg = Debug|Any CPU
		{C4F1DC6A-9D76-0BDA-CED6-93F5EEF3058A}.Debug|Any CPU.Build.0 = Debug|Any CPU
		{C4F1DC6A-9D76-0BDA-CED6-93F5EEF3058A}.Release|Any CPU.ActiveCfg = Release|Any CPU
		{C4F1DC6A-9D76-0BDA-CED6-93F5EEF3058A}.Release|Any CPU.Build.0 = Release|Any CPU
	EndGlobalSection
	GlobalSection(SolutionProperties) = preSolution
		HideSolutionNode = FALSE
	EndGlobalSection
	GlobalSection(MonoDevelopProperties) = preSolution
		StartupItem = Assembly-CSharp.csproj
	EndGlobalSection
EndGlobal
